# This file is automatically @generated by Cargo.
# It is not intended for manual editing.
version = 4

[[package]]
name = "discreet"
version = "0.1.0"
dependencies = [
 "discreet-common",
]

[[package]]
name = "discreet-common"
version = "0.1.0"
source = "registry+https://github.com/rust-lang/crates.io-index"
checksum = "faf2b447f3e54d6755779366fdf8e7bf5f79ba7f19c6e2f81e418d6a4165b93d"
